// !$*UTF8*$!
{
	archiveVersion = 1;
	classes = {
	};
	objectVersion = 46;
	objects = {

/* Begin PBXBuildFile section */
		554485321F42E0D500008552 /* AppDelegate.swift in Sources */ = {isa = PBXBuildFile; fileRef = 554485311F42E0D500008552 /* AppDelegate.swift */; };
		554485341F42E0D500008552 /* MasterViewController.swift in Sources */ = {isa = PBXBuildFile; fileRef = 554485331F42E0D500008552 /* MasterViewController.swift */; };
		554485361F42E0D500008552 /* DetailViewController.swift in Sources */ = {isa = PBXBuildFile; fileRef = 554485351F42E0D500008552 /* DetailViewController.swift */; };
		554485391F42E0D500008552 /* Main.storyboard in Resources */ = {isa = PBXBuildFile; fileRef = 554485371F42E0D500008552 /* Main.storyboard */; };
		5544853B1F42E0D500008552 /* Assets.xcassets in Resources */ = {isa = PBXBuildFile; fileRef = 5544853A1F42E0D500008552 /* Assets.xcassets */; };
		5544853E1F42E0D500008552 /* LaunchScreen.storyboard in Resources */ = {isa = PBXBuildFile; fileRef = 5544853C1F42E0D500008552 /* LaunchScreen.storyboard */; };
		554485491F42E0D500008552 /* PresidentsTests.swift in Sources */ = {isa = PBXBuildFile; fileRef = 554485481F42E0D500008552 /* PresidentsTests.swift */; };
		554485541F42E0D500008552 /* PresidentsUITests.swift in Sources */ = {isa = PBXBuildFile; fileRef = 554485531F42E0D500008552 /* PresidentsUITests.swift */; };
/* End PBXBuildFile section */

/* Begin PBXContainerItemProxy section */
		554485451F42E0D500008552 /* PBXContainerItemProxy */ = {
			isa = PBXContainerItemProxy;
			containerPortal = 554485261F42E0D500008552 /* Project object */;
			proxyType = 1;
			remoteGlobalIDString = 5544852D1F42E0D500008552;
			remoteInfo = Presidents;
		};
		554485501F42E0D500008552 /* PBXContainerItemProxy */ = {
			isa = PBXContainerItemProxy;
			containerPortal = 554485261F42E0D500008552 /* Project object */;
			proxyType = 1;
			remoteGlobalIDString = 5544852D1F42E0D500008552;
			remoteInfo = Presidents;
		};
/* End PBXContainerItemProxy section */

/* Begin PBXFileReference section */
		5544852E1F42E0D500008552 /* Presidents.app */ = {isa = PBXFileReference; explicitFileType = wrapper.application; includeInIndex = 0; path = Presidents.app; sourceTree = BUILT_PRODUCTS_DIR; };
		554485311F42E0D500008552 /* AppDelegate.swift */ = {isa = PBXFileReference; lastKnownFileType = sourcecode.swift; path = AppDelegate.swift; sourceTree = "<group>"; };
		554485331F42E0D500008552 /* MasterViewController.swift */ = {isa = PBXFileReference; lastKnownFileType = sourcecode.swift; path = MasterViewController.swift; sourceTree = "<group>"; };
		554485351F42E0D500008552 /* DetailViewController.swift */ = {isa = PBXFileReference; lastKnownFileType = sourcecode.swift; path = DetailViewController.swift; sourceTree = "<group>"; };
		554485381F42E0D500008552 /* Base */ = {isa = PBXFileReference; lastKnownFileType = file.storyboard; name = Base; path = Base.lproj/Main.storyboard; sourceTree = "<group>"; };
		5544853A1F42E0D500008552 /* Assets.xcassets */ = {isa = PBXFileReference; lastKnownFileType = folder.assetcatalog; path = Assets.xcassets; sourceTree = "<group>"; };
		5544853D1F42E0D500008552 /* Base */ = {isa = PBXFileReference; lastKnownFileType = file.storyboard; name = Base; path = Base.lproj/LaunchScreen.storyboard; sourceTree = "<group>"; };
		5544853F1F42E0D500008552 /* Info.plist */ = {isa = PBXFileReference; lastKnownFileType = text.plist.xml; path = Info.plist; sourceTree = "<group>"; };
		554485441F42E0D500008552 /* PresidentsTests.xctest */ = {isa = PBXFileReference; explicitFileType = wrapper.cfbundle; includeInIndex = 0; path = PresidentsTests.xctest; sourceTree = BUILT_PRODUCTS_DIR; };
		554485481F42E0D500008552 /* PresidentsTests.swift */ = {isa = PBXFileReference; lastKnownFileType = sourcecode.swift; path = PresidentsTests.swift; sourceTree = "<group>"; };
		5544854A1F42E0D500008552 /* Info.plist */ = {isa = PBXFileReference; lastKnownFileType = text.plist.xml; path = Info.plist; sourceTree = "<group>"; };
		5544854F1F42E0D500008552 /* PresidentsUITests.xctest */ = {isa = PBXFileReference; explicitFileType = wrapper.cfbundle; includeInIndex = 0; path = PresidentsUITests.xctest; sourceTree = BUILT_PRODUCTS_DIR; };
		554485531F42E0D500008552 /* PresidentsUITests.swift */ = {isa = PBXFileReference; lastKnownFileType = sourcecode.swift; path = PresidentsUITests.swift; sourceTree = "<group>"; };
		554485551F42E0D500008552 /* Info.plist */ = {isa = PBXFileReference; lastKnownFileType = text.plist.xml; path = Info.plist; sourceTree = "<group>"; };
/* End PBXFileReference section */

/* Begin PBXFrameworksBuildPhase section */
		5544852B1F42E0D500008552 /* Frameworks */ = {
			isa = PBXFrameworksBuildPhase;
			buildActionMask = 2147483647;
			files = (
			);
			runOnlyForDeploymentPostprocessing = 0;
		};
		554485411F42E0D500008552 /* Frameworks */ = {
			isa = PBXFrameworksBuildPhase;
			buildActionMask = 2147483647;
			files = (
			);
			runOnlyForDeploymentPostprocessing = 0;
		};
		5544854C1F42E0D500008552 /* Frameworks */ = {
			isa = PBXFrameworksBuildPhase;
			buildActionMask = 2147483647;
			files = (
			);
			runOnlyForDeploymentPostprocessing = 0;
		};
/* End PBXFrameworksBuildPhase section */

/* Begin PBXGroup section */
		554485251F42E0D500008552 = {
			isa = PBXGroup;
			children = (
				554485301F42E0D500008552 /* Presidents */,
				554485471F42E0D500008552 /* PresidentsTests */,
				554485521F42E0D500008552 /* PresidentsUITests */,
				5544852F1F42E0D500008552 /* Products */,
			);
			sourceTree = "<group>";
		};
		5544852F1F42E0D500008552 /* Products */ = {
			isa = PBXGroup;
			children = (
				5544852E1F42E0D500008552 /* Presidents.app */,
				554485441F42E0D500008552 /* PresidentsTests.xctest */,
				5544854F1F42E0D500008552 /* PresidentsUITests.xctest */,
			);
			name = Products;
			sourceTree = "<group>";
		};
		554485301F42E0D500008552 /* Presidents */ = {
			isa = PBXGroup;
			children = (
				554485311F42E0D500008552 /* AppDelegate.swift */,
				554485331F42E0D500008552 /* MasterViewController.swift */,
				554485351F42E0D500008552 /* DetailViewController.swift */,
				554485371F42E0D500008552 /* Main.storyboard */,
				5544853A1F42E0D500008552 /* Assets.xcassets */,
				5544853C1F42E0D500008552 /* LaunchScreen.storyboard */,
				5544853F1F42E0D500008552 /* Info.plist */,
			);
			path = Presidents;
			sourceTree = "<group>";
		};
		554485471F42E0D500008552 /* PresidentsTests */ = {
			isa = PBXGroup;
			children = (
				554485481F42E0D500008552 /* PresidentsTests.swift */,
				5544854A1F42E0D500008552 /* Info.plist */,
			);
			path = PresidentsTests;
			sourceTree = "<group>";
		};
		554485521F42E0D500008552 /* PresidentsUITests */ = {
			isa = PBXGroup;
			children = (
				554485531F42E0D500008552 /* PresidentsUITests.swift */,
				554485551F42E0D500008552 /* Info.plist */,
			);
			path = PresidentsUITests;
			sourceTree = "<group>";
		};
/* End PBXGroup section */

/* Begin PBXNativeTarget section */
		5544852D1F42E0D500008552 /* Presidents */ = {
			isa = PBXNativeTarget;
			buildConfigurationList = 554485581F42E0D500008552 /* Build configuration list for PBXNativeTarget "Presidents" */;
			buildPhases = (
				5544852A1F42E0D500008552 /* Sources */,
				5544852B1F42E0D500008552 /* Frameworks */,
				5544852C1F42E0D500008552 /* Resources */,
			);
			buildRules = (
			);
			dependencies = (
			);
			name = Presidents;
			productName = Presidents;
			productReference = 5544852E1F42E0D500008552 /* Presidents.app */;
			productType = "com.apple.product-type.application";
		};
		554485431F42E0D500008552 /* PresidentsTests */ = {
			isa = PBXNativeTarget;
			buildConfigurationList = 5544855B1F42E0D500008552 /* Build configuration list for PBXNativeTarget "PresidentsTests" */;
			buildPhases = (
				554485401F42E0D500008552 /* Sources */,
				554485411F42E0D500008552 /* Frameworks */,
				554485421F42E0D500008552 /* Resources */,
			);
			buildRules = (
			);
			dependencies = (
				554485461F42E0D500008552 /* PBXTargetDependency */,
			);
			name = PresidentsTests;
			productName = PresidentsTests;
			productReference = 554485441F42E0D500008552 /* PresidentsTests.xctest */;
			productType = "com.apple.product-type.bundle.unit-test";
		};
		5544854E1F42E0D500008552 /* PresidentsUITests */ = {
			isa = PBXNativeTarget;
			buildConfigurationList = 5544855E1F42E0D500008552 /* Build configuration list for PBXNativeTarget "PresidentsUITests" */;
			buildPhases = (
				5544854B1F42E0D500008552 /* Sources */,
				5544854C1F42E0D500008552 /* Frameworks */,
				5544854D1F42E0D500008552 /* Resources */,
			);
			buildRules = (
			);
			dependencies = (
				554485511F42E0D500008552 /* PBXTargetDependency */,
			);
			name = PresidentsUITests;
			productName = PresidentsUITests;
			productReference = 5544854F1F42E0D500008552 /* PresidentsUITests.xctest */;
			productType = "com.apple.product-type.bundle.ui-testing";
		};
/* End PBXNativeTarget section */

/* Begin PBXProject section */
		554485261F42E0D500008552 /* Project object */ = {
			isa = PBXProject;
			attributes = {
				LastSwiftUpdateCheck = 0830;
				LastUpgradeCheck = 0830;
				ORGANIZATIONNAME = "Vladimir Rybalka";
				TargetAttributes = {
					5544852D1F42E0D500008552 = {
						CreatedOnToolsVersion = 8.3.3;
						ProvisioningStyle = Automatic;
					};
					554485431F42E0D500008552 = {
						CreatedOnToolsVersion = 8.3.3;
						ProvisioningStyle = Automatic;
						TestTargetID = 5544852D1F42E0D500008552;
					};
					5544854E1F42E0D500008552 = {
						CreatedOnToolsVersion = 8.3.3;
						ProvisioningStyle = Automatic;
						TestTargetID = 5544852D1F42E0D500008552;
					};
				};
			};
			buildConfigurationList = 554485291F42E0D500008552 /* Build configuration list for PBXProject "Presidents" */;
			compatibilityVersion = "Xcode 3.2";
			developmentRegion = English;
			hasScannedForEncodings = 0;
			knownRegions = (
				en,
				Base,
			);
			mainGroup = 554485251F42E0D500008552;
			productRefGroup = 5544852F1F42E0D500008552 /* Products */;
			projectDirPath = "";
			projectRoot = "";
			targets = (
				5544852D1F42E0D500008552 /* Presidents */,
				554485431F42E0D500008552 /* PresidentsTests */,
				5544854E1F42E0D500008552 /* PresidentsUITests */,
			);
		};
/* End PBXProject section */

/* Begin PBXResourcesBuildPhase section */
		5544852C1F42E0D500008552 /* Resources */ = {
			isa = PBXResourcesBuildPhase;
			buildActionMask = 2147483647;
			files = (
				5544853E1F42E0D500008552 /* LaunchScreen.storyboard in Resources */,
				5544853B1F42E0D500008552 /* Assets.xcassets in Resources */,
				554485391F42E0D500008552 /* Main.storyboard in Resources */,
			);
			runOnlyForDeploymentPostprocessing = 0;
		};
		554485421F42E0D500008552 /* Resources */ = {
			isa = PBXResourcesBuildPhase;
			buildActionMask = 2147483647;
			files = (
			);
			runOnlyForDeploymentPostprocessing = 0;
		};
		5544854D1F42E0D500008552 /* Resources */ = {
			isa = PBXResourcesBuildPhase;
			buildActionMask = 2147483647;
			files = (
			);
			runOnlyForDeploymentPostprocessing = 0;
		};
/* End PBXResourcesBuildPhase section */

/* Begin PBXSourcesBuildPhase section */
		5544852A1F42E0D500008552 /* Sources */ = {
			isa = PBXSourcesBuildPhase;
			buildActionMask = 2147483647;
			files = (
				554485361F42E0D500008552 /* DetailViewController.swift in Sources */,
				554485341F42E0D500008552 /* MasterViewController.swift in Sources */,
				554485321F42E0D500008552 /* AppDelegate.swift in Sources */,
			);
			runOnlyForDeploymentPostprocessing = 0;
		};
		554485401F42E0D500008552 /* Sources */ = {
			isa = PBXSourcesBuildPhase;
			buildActionMask = 2147483647;
			files = (
				554485491F42E0D500008552 /* PresidentsTests.swift in Sources */,
			);
			runOnlyForDeploymentPostprocessing = 0;
		};
		5544854B1F42E0D500008552 /* Sources */ = {
			isa = PBXSourcesBuildPhase;
			buildActionMask = 2147483647;
			files = (
				554485541F42E0D500008552 /* PresidentsUITests.swift in Sources */,
			);
			runOnlyForDeploymentPostprocessing = 0;
		};
/* End PBXSourcesBuildPhase section */

/* Begin PBXTargetDependency section */
		554485461F42E0D500008552 /* PBXTargetDependency */ = {
			isa = PBXTargetDependency;
			target = 5544852D1F42E0D500008552 /* Presidents */;
			targetProxy = 554485451F42E0D500008552 /* PBXContainerItemProxy */;
		};
		554485511F42E0D500008552 /* PBXTargetDependency */ = {
			isa = PBXTargetDependency;
			target = 5544852D1F42E0D500008552 /* Presidents */;
			targetProxy = 554485501F42E0D500008552 /* PBXContainerItemProxy */;
		};
/* End PBXTargetDependency section */

/* Begin PBXVariantGroup section */
		554485371F42E0D500008552 /* Main.storyboard */ = {
			isa = PBXVariantGroup;
			children = (
				554485381F42E0D500008552 /* Base */,
			);
			name = Main.storyboard;
			sourceTree = "<group>";
		};
		5544853C1F42E0D500008552 /* LaunchScreen.storyboard */ = {
			isa = PBXVariantGroup;
			children = (
				5544853D1F42E0D500008552 /* Base */,
			);
			name = LaunchScreen.storyboard;
			sourceTree = "<group>";
		};
/* End PBXVariantGroup section */

/* Begin XCBuildConfiguration section */
		554485561F42E0D500008552 /* Debug */ = {
			isa = XCBuildConfiguration;
			buildSettings = {
				ALWAYS_SEARCH_USER_PATHS = NO;
				CLANG_ANALYZER_NONNULL = YES;
				CLANG_ANALYZER_NUMBER_OBJECT_CONVERSION = YES_AGGRESSIVE;
				CLANG_CXX_LANGUAGE_STANDARD = "gnu++0x";
				CLANG_CXX_LIBRARY = "libc++";
				CLANG_ENABLE_MODULES = YES;
				CLANG_ENABLE_OBJC_ARC = YES;
				CLANG_WARN_BOOL_CONVERSION = YES;
				CLANG_WARN_CONSTANT_CONVERSION = YES;
				CLANG_WARN_DIRECT_OBJC_ISA_USAGE = YES_ERROR;
				CLANG_WARN_DOCUMENTATION_COMMENTS = YES;
				CLANG_WARN_EMPTY_BODY = YES;
				CLANG_WARN_ENUM_CONVERSION = YES;
				CLANG_WARN_INFINITE_RECURSION = YES;
				CLANG_WARN_INT_CONVERSION = YES;
				CLANG_WARN_OBJC_ROOT_CLASS = YES_ERROR;
				CLANG_WARN_SUSPICIOUS_MOVE = YES;
				CLANG_WARN_UNREACHABLE_CODE = YES;
				CLANG_WARN__DUPLICATE_METHOD_MATCH = YES;
				"CODE_SIGN_IDENTITY[sdk=iphoneos*]" = "iPhone Developer";
				COPY_PHASE_STRIP = NO;
				DEBUG_INFORMATION_FORMAT = dwarf;
				ENABLE_STRICT_OBJC_MSGSEND = YES;
				ENABLE_TESTABILITY = YES;
				GCC_C_LANGUAGE_STANDARD = gnu99;
				GCC_DYNAMIC_NO_PIC = NO;
				GCC_NO_COMMON_BLOCKS = YES;
				GCC_OPTIMIZATION_LEVEL = 0;
				GCC_PREPROCESSOR_DEFINITIONS = (
					"DEBUG=1",
					"$(inherited)",
				);
				GCC_WARN_64_TO_32_BIT_CONVERSION = YES;
				GCC_WARN_ABOUT_RETURN_TYPE = YES_ERROR;
				GCC_WARN_UNDECLARED_SELECTOR = YES;
				GCC_WARN_UNINITIALIZED_AUTOS = YES_AGGRESSIVE;
				GCC_WARN_UNUSED_FUNCTION = YES;
				GCC_WARN_UNUSED_VARIABLE = YES;
				IPHONEOS_DEPLOYMENT_TARGET = 10.3;
				MTL_ENABLE_DEBUG_INFO = YES;
				ONLY_ACTIVE_ARCH = YES;
				SDKROOT = iphoneos;
				SWIFT_ACTIVE_COMPILATION_CONDITIONS = DEBUG;
				SWIFT_OPTIMIZATION_LEVEL = "-Onone";
				TARGETED_DEVICE_FAMILY = "1,2";
			};
			name = Debug;
		};
		554485571F42E0D500008552 /* Release */ = {
			isa = XCBuildConfiguration;
			buildSettings = {
				ALWAYS_SEARCH_USER_PATHS = NO;
				CLANG_ANALYZER_NONNULL = YES;
				CLANG_ANALYZER_NUMBER_OBJECT_CONVERSION = YES_AGGRESSIVE;
				CLANG_CXX_LANGUAGE_STANDARD = "gnu++0x";
				CLANG_CXX_LIBRARY = "libc++";
				CLANG_ENABLE_MODULES = YES;
				CLANG_ENABLE_OBJC_ARC = YES;
				CLANG_WARN_BOOL_CONVERSION = YES;
				CLANG_WARN_CONSTANT_CONVERSION = YES;
				CLANG_WARN_DIRECT_OBJC_ISA_USAGE = YES_ERROR;
				CLANG_WARN_DOCUMENTATION_COMMENTS = YES;
				CLANG_WARN_EMPTY_BODY = YES;
				CLANG_WARN_ENUM_CONVERSION = YES;
				CLANG_WARN_INFINITE_RECURSION = YES;
				CLANG_WARN_INT_CONVERSION = YES;
				CLANG_WARN_OBJC_ROOT_CLASS = YES_ERROR;
				CLANG_WARN_SUSPICIOUS_MOVE = YES;
				CLANG_WARN_UNREACHABLE_CODE = YES;
				CLANG_WARN__DUPLICATE_METHOD_MATCH = YES;
				"CODE_SIGN_IDENTITY[sdk=iphoneos*]" = "iPhone Developer";
				COPY_PHASE_STRIP = NO;
				DEBUG_INFORMATION_FORMAT = "dwarf-with-dsym";
				ENABLE_NS_ASSERTIONS = NO;
				ENABLE_STRICT_OBJC_MSGSEND = YES;
				GCC_C_LANGUAGE_STANDARD = gnu99;
				GCC_NO_COMMON_BLOCKS = YES;
				GCC_WARN_64_TO_32_BIT_CONVERSION = YES;
				GCC_WARN_ABOUT_RETURN_TYPE = YES_ERROR;
				GCC_WARN_UNDECLARED_SELECTOR = YES;
				GCC_WARN_UNINITIALIZED_AUTOS = YES_AGGRESSIVE;
				GCC_WARN_UNUSED_FUNCTION = YES;
				GCC_WARN_UNUSED_VARIABLE = YES;
				IPHONEOS_DEPLOYMENT_TARGET = 10.3;
				MTL_ENABLE_DEBUG_INFO = NO;
				SDKROOT = iphoneos;
				SWIFT_OPTIMIZATION_LEVEL = "-Owholemodule";
				TARGETED_DEVICE_FAMILY = "1,2";
				VALIDATE_PRODUCT = YES;
			};
			name = Release;
		};
		554485591F42E0D500008552 /* Debug */ = {
			isa = XCBuildConfiguration;
			buildSettings = {
				ASSETCATALOG_COMPILER_APPICON_NAME = AppIcon;
				INFOPLIST_FILE = Presidents/Info.plist;
				LD_RUNPATH_SEARCH_PATHS = "$(inherited) @executable_path/Frameworks";
				PRODUCT_BUNDLE_IDENTIFIER = com.initium.Presidents;
				PRODUCT_NAME = "$(TARGET_NAME)";
				SWIFT_VERSION = 3.0;
			};
			name = Debug;
		};
		5544855A1F42E0D500008552 /* Release */ = {
			isa = XCBuildConfiguration;
			buildSettings = {
				ASSETCATALOG_COMPILER_APPICON_NAME = AppIcon;
				INFOPLIST_FILE = Presidents/Info.plist;
				LD_RUNPATH_SEARCH_PATHS = "$(inherited) @executable_path/Frameworks";
				PRODUCT_BUNDLE_IDENTIFIER = com.initium.Presidents;
				PRODUCT_NAME = "$(TARGET_NAME)";
				SWIFT_VERSION = 3.0;
			};
			name = Release;
		};
		5544855C1F42E0D500008552 /* Debug */ = {
			isa = XCBuildConfiguration;
			buildSettings = {
				ALWAYS_EMBED_SWIFT_STANDARD_LIBRARIES = YES;
				BUNDLE_LOADER = "$(TEST_HOST)";
				INFOPLIST_FILE = PresidentsTests/Info.plist;
				LD_RUNPATH_SEARCH_PATHS = "$(inherited) @executable_path/Frameworks @loader_path/Frameworks";
				PRODUCT_BUNDLE_IDENTIFIER = com.initium.PresidentsTests;
				PRODUCT_NAME = "$(TARGET_NAME)";
				SWIFT_VERSION = 3.0;
				TEST_HOST = "$(BUILT_PRODUCTS_DIR)/Presidents.app/Presidents";
			};
			name = Debug;
		};
		5544855D1F42E0D500008552 /* Release */ = {
			isa = XCBuildConfiguration;
			buildSettings = {
				ALWAYS_EMBED_SWIFT_STANDARD_LIBRARIES = YES;
				BUNDLE_LOADER = "$(TEST_HOST)";
				INFOPLIST_FILE = PresidentsTests/Info.plist;
				LD_RUNPATH_SEARCH_PATHS = "$(inherited) @executable_path/Frameworks @loader_path/Frameworks";
				PRODUCT_BUNDLE_IDENTIFIER = com.initium.PresidentsTests;
				PRODUCT_NAME = "$(TARGET_NAME)";
				SWIFT_VERSION = 3.0;
				TEST_HOST = "$(BUILT_PRODUCTS_DIR)/Presidents.app/Presidents";
			};
			name = Release;
		};
		5544855F1F42E0D500008552 /* Debug */ = {
			isa = XCBuildConfiguration;
			buildSettings = {
				ALWAYS_EMBED_SWIFT_STANDARD_LIBRARIES = YES;
				INFOPLIST_FILE = PresidentsUITests/Info.plist;
				LD_RUNPATH_SEARCH_PATHS = "$(inherited) @executable_path/Frameworks @loader_path/Frameworks";
				PRODUCT_BUNDLE_IDENTIFIER = com.initium.PresidentsUITests;
				PRODUCT_NAME = "$(TARGET_NAME)";
				SWIFT_VERSION = 3.0;
				TEST_TARGET_NAME = Presidents;
			};
			name = Debug;
		};
		554485601F42E0D500008552 /* Release */ = {
			isa = XCBuildConfiguration;
			buildSettings = {
				ALWAYS_EMBED_SWIFT_STANDARD_LIBRARIES = YES;
				INFOPLIST_FILE = PresidentsUITests/Info.plist;
				LD_RUNPATH_SEARCH_PATHS = "$(inherited) @executable_path/Frameworks @loader_path/Frameworks";
				PRODUCT_BUNDLE_IDENTIFIER = com.initium.PresidentsUITests;
				PRODUCT_NAME = "$(TARGET_NAME)";
				SWIFT_VERSION = 3.0;
				TEST_TARGET_NAME = Presidents;
			};
			name = Release;
		};
/* End XCBuildConfiguration section */

/* Begin XCConfigurationList section */
		554485291F42E0D500008552 /* Build configuration list for PBXProject "Presidents" */ = {
			isa = XCConfigurationList;
			buildConfigurations = (
				554485561F42E0D500008552 /* Debug */,
				554485571F42E0D500008552 /* Release */,
			);
			defaultConfigurationIsVisible = 0;
			defaultConfigurationName = Release;
		};
		554485581F42E0D500008552 /* Build configuration list for PBXNativeTarget "Presidents" */ = {
			isa = XCConfigurationList;
			buildConfigurations = (
				554485591F42E0D500008552 /* Debug */,
				5544855A1F42E0D500008552 /* Release */,
			);
			defaultConfigurationIsVisible = 0;
		};
		5544855B1F42E0D500008552 /* Build configuration list for PBXNativeTarget "PresidentsTests" */ = {
			isa = XCConfigurationList;
			buildConfigurations = (
				5544855C1F42E0D500008552 /* Debug */,
				5544855D1F42E0D500008552 /* Release */,
			);
			defaultConfigurationIsVisible = 0;
		};
		5544855E1F42E0D500008552 /* Build configuration list for PBXNativeTarget "PresidentsUITests" */ = {
			isa = XCConfigurationList;
			buildConfigurations = (
				5544855F1F42E0D500008552 /* Debug */,
				554485601F42E0D500008552 /* Release */,
			);
			defaultConfigurationIsVisible = 0;
		};
/* End XCConfigurationList section */
	};
	rootObject = 554485261F42E0D500008552 /* Project object */;
}
